
Microsoft Visual Studio Solution File, Format Version 12.00
# Visual Studio Version 16
VisualStudioVersion = 16.0.29911.84
MinimumVisualStudioVersion = 10.0.40219.1
Project("{FAE04EC0-301F-11D3-BF4B-00C04F79EFBC}") = "Razor", "Razor\Razor.csproj", "{62BEB2F1-9118-44B2-A07C-9DE83F404645}"
EndProject
Global
	GlobalSection(SolutionConfigurationPlatforms) = preSolution
		Debug|Any CPU = Debug|Any CPU
		Release|Any CPU = Release|Any CPU
	EndGlobalSection
	GlobalSection(ProjectConfigurationPlatforms) = postSolution
		{62BEB2F1-9118-44B2-A07C-9DE83F404645}.Debug|Any CPU.ActiveCfg = Debug|Any CPU
		{62BEB2F1-9118-44B2-A07C-9DE83F404645}.Debug|Any CPU.Build.0 = Debug|Any CPU
		{62BEB2F1-9118-44B2-A07C-9DE83F404645}.Release|Any CPU.ActiveCfg = Release|Any CPU
		{62BEB2F1-9118-44B2-A07C-9DE83F404645}.Release|Any CPU.Build.0 = Release|Any CPU
	EndGlobalSection
	GlobalSection(SolutionProperties) = preSolution
		HideSolutionNode = FALSE
	EndGlobalSection
	GlobalSection(ExtensibilityGlobals) = postSolution
		SolutionGuid = {26061CD2-1B00-4979-BB1B-359491ADD4C8}
	EndGlobalSection
EndGlobal
